
Microsoft Visual Studio Solution File, Format Version 12.00
# Visual Studio Version 17
VisualStudioVersion = 17.2.32630.192
MinimumVisualStudioVersion = 10.0.40219.1
Project("{8BC9CEB8-8B4A-11D0-8D11-00A0C91BC942}") = "SubstitutionCypher", "SubstitutionCypher\SubstitutionCypher.vcxproj", "{2208430D-91A3-476B-BEB3-E15FF62C66CC}"
EndProject
Global
	GlobalSection(SolutionConfigurationPlatforms) = preSolution
		Debug|x64 = Debug|x64
		Debug|x86 = Debug|x86
		Release|x64 = Release|x64
		Release|x86 = Release|x86
	EndGlobalSection
	GlobalSection(ProjectConfigurationPlatforms) = postSolution
		{2208430D-91A3-476B-BEB3-E15FF62C66CC}.Debug|x64.ActiveCfg = Debug|x64
		{2208430D-91A3-476B-BEB3-E15FF62C66CC}.Debug|x64.Build.0 = Debug|x64
		{2208430D-91A3-476B-BEB3-E15FF62C66CC}.Debug|x86.ActiveCfg = Debug|Win32
		{2208430D-91A3-476B-BEB3-E15FF62C66CC}.Debug|x86.Build.0 = Debug|Win32
		{2208430D-91A3-476B-BEB3-E15FF62C66CC}.Release|x64.ActiveCfg = Release|x64
		{2208430D-91A3-476B-BEB3-E15FF62C66CC}.Release|x64.Build.0 = Release|x64
		{2208430D-91A3-476B-BEB3-E15FF62C66CC}.Release|x86.ActiveCfg = Release|Win32
		{2208430D-91A3-476B-BEB3-E15FF62C66CC}.Release|x86.Build.0 = Release|Win32
	EndGlobalSection
	GlobalSection(SolutionProperties) = preSolution
		HideSolutionNode = FALSE
	EndGlobalSection
	GlobalSection(ExtensibilityGlobals) = postSolution
		SolutionGuid = {67D38B98-C31C-4143-B8C0-41FAC61C25A8}
	EndGlobalSection
EndGlobal
